
Microsoft Visual Studio Solution File, Format Version 12.00
# Visual Studio Version 16
VisualStudioVersion = 16.0.29403.142
MinimumVisualStudioVersion = 10.0.40219.1
Project("{FAE04EC0-301F-11D3-BF4B-00C04F79EFBC}") = "World", "World\World.csproj", "{A8220D51-E251-4FFA-8E22-90F10E06B01F}"
EndProject
Global
	GlobalSection(SolutionConfigurationPlatforms) = preSolution
		Debug|Any CPU = Debug|Any CPU
		Release|Any CPU = Release|Any CPU
	EndGlobalSection
	GlobalSection(ProjectConfigurationPlatforms) = postSolution
		{A8220D51-E251-4FFA-8E22-90F10E06B01F}.Debug|Any CPU.ActiveCfg = Debug|Any CPU
		{A8220D51-E251-4FFA-8E22-90F10E06B01F}.Debug|Any CPU.Build.0 = Debug|Any CPU
		{A8220D51-E251-4FFA-8E22-90F10E06B01F}.Release|Any CPU.ActiveCfg = Release|Any CPU
		{A8220D51-E251-4FFA-8E22-90F10E06B01F}.Release|Any CPU.Build.0 = Release|Any CPU
	EndGlobalSection
	GlobalSection(SolutionProperties) = preSolution
		HideSolutionNode = FALSE
	EndGlobalSection
	GlobalSection(ExtensibilityGlobals) = postSolution
		SolutionGuid = {E0700329-F162-4E65-9215-09B8A32CFB43}
	EndGlobalSection
EndGlobal
